// !$*UTF8*$!
{
	archiveVersion = 1;
	classes = {
	};
	objectVersion = 46;
	objects = {

/* Begin PBXBuildFile section */
		1404EA418EE1B3CB93119D10 /* Pods_SpartanSuperway.framework in Frameworks */ = {isa = PBXBuildFile; fileRef = 16EBA0084F506C568F3364C8 /* Pods_SpartanSuperway.framework */; };
		44046E281EBA82FE00AC0429 /* Sunny.gif in Resources */ = {isa = PBXBuildFile; fileRef = 44046E271EBA82FE00AC0429 /* Sunny.gif */; };
		44046E2A1EBA85F000AC0429 /* iOSDevCenters+GIF.swift in Sources */ = {isa = PBXBuildFile; fileRef = 44046E291EBA85F000AC0429 /* iOSDevCenters+GIF.swift */; };
		442892011DAEE90100A7E423 /* MainViewController.swift in Sources */ = {isa = PBXBuildFile; fileRef = 442892001DAEE90100A7E423 /* MainViewController.swift */; };
		442CAB6D1D9CA7F400A4008F /* SignUpViewController.swift in Sources */ = {isa = PBXBuildFile; fileRef = 442CAB6C1D9CA7F400A4008F /* SignUpViewController.swift */; };
		443B25F41DDEB219008F94A1 /* ViewTicketsViewController.swift in Sources */ = {isa = PBXBuildFile; fileRef = 443B25F31DDEB219008F94A1 /* ViewTicketsViewController.swift */; };
		443B25F61DDEB4E3008F94A1 /* PurchaseTicketViewController.swift in Sources */ = {isa = PBXBuildFile; fileRef = 443B25F51DDEB4E3008F94A1 /* PurchaseTicketViewController.swift */; };
		443B25F81DDFB999008F94A1 /* Ticket.swift in Sources */ = {isa = PBXBuildFile; fileRef = 443B25F71DDFB999008F94A1 /* Ticket.swift */; };
		443B25FA1DE0397C008F94A1 /* TicketViewController.swift in Sources */ = {isa = PBXBuildFile; fileRef = 443B25F91DE0397C008F94A1 /* TicketViewController.swift */; };
		4470DA281D95D6AA002468D8 /* AppDelegate.swift in Sources */ = {isa = PBXBuildFile; fileRef = 4470DA271D95D6AA002468D8 /* AppDelegate.swift */; };
		4470DA2D1D95D6AA002468D8 /* Main.storyboard in Resources */ = {isa = PBXBuildFile; fileRef = 4470DA2B1D95D6AA002468D8 /* Main.storyboard */; };
		4470DA2F1D95D6AA002468D8 /* Assets.xcassets in Resources */ = {isa = PBXBuildFile; fileRef = 4470DA2E1D95D6AA002468D8 /* Assets.xcassets */; };
		4470DA321D95D6AA002468D8 /* LaunchScreen.storyboard in Resources */ = {isa = PBXBuildFile; fileRef = 4470DA301D95D6AA002468D8 /* LaunchScreen.storyboard */; };
		4470DA3D1D95D6AA002468D8 /* SpartanSuperwayTests.swift in Sources */ = {isa = PBXBuildFile; fileRef = 4470DA3C1D95D6AA002468D8 /* SpartanSuperwayTests.swift */; };
		4470DA481D95D6AA002468D8 /* SpartanSuperwayUITests.swift in Sources */ = {isa = PBXBuildFile; fileRef = 4470DA471D95D6AA002468D8 /* SpartanSuperwayUITests.swift */; };
		4470DA581D9A10A8002468D8 /* SignInViewController.swift in Sources */ = {isa = PBXBuildFile; fileRef = 4470DA571D9A10A8002468D8 /* SignInViewController.swift */; };
		44724D411DF543E200ECD73C /* TicketTableViewCell.swift in Sources */ = {isa = PBXBuildFile; fileRef = 44724D401DF543E200ECD73C /* TicketTableViewCell.swift */; };
		44724D431DF54CF200ECD73C /* StatusControl.swift in Sources */ = {isa = PBXBuildFile; fileRef = 44724D421DF54CF200ECD73C /* StatusControl.swift */; };
		44724D451DF5514E00ECD73C /* MapViewController.swift in Sources */ = {isa = PBXBuildFile; fileRef = 44724D441DF5514E00ECD73C /* MapViewController.swift */; };
		44724D4A1DF75E4E00ECD73C /* DataServices.swift in Sources */ = {isa = PBXBuildFile; fileRef = 44724D491DF75E4E00ECD73C /* DataServices.swift */; };
		447B4EBC1DA0E5950072AAD4 /* GoogleService-Info.plist in Resources */ = {isa = PBXBuildFile; fileRef = 447B4EBB1DA0E5950072AAD4 /* GoogleService-Info.plist */; };
		449EF5871E96079A0007F2CF /* EtaView.swift in Sources */ = {isa = PBXBuildFile; fileRef = 449EF5861E96079A0007F2CF /* EtaView.swift */; };
		E3944D8975FE400460401CD9 /* Pods_SpartanSuperwayUITests.framework in Frameworks */ = {isa = PBXBuildFile; fileRef = 8B531E0B2919443E0F801C2D /* Pods_SpartanSuperwayUITests.framework */; };
		F6474A3774C473CD57159ECC /* Pods_SpartanSuperwayTests.framework in Frameworks */ = {isa = PBXBuildFile; fileRef = DC08B5EAB0D52329E90EDF94 /* Pods_SpartanSuperwayTests.framework */; };
/* End PBXBuildFile section */

/* Begin PBXContainerItemProxy section */
		4470DA391D95D6AA002468D8 /* PBXContainerItemProxy */ = {
			isa = PBXContainerItemProxy;
			containerPortal = 4470DA1C1D95D6AA002468D8 /* Project object */;
			proxyType = 1;
			remoteGlobalIDString = 4470DA231D95D6AA002468D8;
			remoteInfo = SpartanSuperway;
		};
		4470DA441D95D6AA002468D8 /* PBXContainerItemProxy */ = {
			isa = PBXContainerItemProxy;
			containerPortal = 4470DA1C1D95D6AA002468D8 /* Project object */;
			proxyType = 1;
			remoteGlobalIDString = 4470DA231D95D6AA002468D8;
			remoteInfo = SpartanSuperway;
		};
/* End PBXContainerItemProxy section */

/* Begin PBXFileReference section */
		00CCF6F61CF3BF9BD7726D68 /* Pods-SpartanSuperwayTests.release.xcconfig */ = {isa = PBXFileReference; includeInIndex = 1; lastKnownFileType = text.xcconfig; name = "Pods-SpartanSuperwayTests.release.xcconfig"; path = "Pods/Target Support Files/Pods-SpartanSuperwayTests/Pods-SpartanSuperwayTests.release.xcconfig"; sourceTree = "<group>"; };
		0E71AFCBCC221751F60EAA6C /* Pods-SpartanSuperway.debug.xcconfig */ = {isa = PBXFileReference; includeInIndex = 1; lastKnownFileType = text.xcconfig; name = "Pods-SpartanSuperway.debug.xcconfig"; path = "Pods/Target Support Files/Pods-SpartanSuperway/Pods-SpartanSuperway.debug.xcconfig"; sourceTree = "<group>"; };
		16EBA0084F506C568F3364C8 /* Pods_SpartanSuperway.framework */ = {isa = PBXFileReference; explicitFileType = wrapper.framework; includeInIndex = 0; path = Pods_SpartanSuperway.framework; sourceTree = BUILT_PRODUCTS_DIR; };
		44046E271EBA82FE00AC0429 /* Sunny.gif */ = {isa = PBXFileReference; lastKnownFileType = image.gif; path = Sunny.gif; sourceTree = "<group>"; };
		44046E291EBA85F000AC0429 /* iOSDevCenters+GIF.swift */ = {isa = PBXFileReference; fileEncoding = 4; lastKnownFileType = sourcecode.swift; path = "iOSDevCenters+GIF.swift"; sourceTree = "<group>"; };
		442892001DAEE90100A7E423 /* MainViewController.swift */ = {isa = PBXFileReference; fileEncoding = 4; lastKnownFileType = sourcecode.swift; path = MainViewController.swift; sourceTree = "<group>"; };
		442CAB6C1D9CA7F400A4008F /* SignUpViewController.swift */ = {isa = PBXFileReference; fileEncoding = 4; lastKnownFileType = sourcecode.swift; path = SignUpViewController.swift; sourceTree = "<group>"; };
		443B25F31DDEB219008F94A1 /* ViewTicketsViewController.swift */ = {isa = PBXFileReference; fileEncoding = 4; lastKnownFileType = sourcecode.swift; path = ViewTicketsViewController.swift; sourceTree = "<group>"; };
		443B25F51DDEB4E3008F94A1 /* PurchaseTicketViewController.swift */ = {isa = PBXFileReference; fileEncoding = 4; lastKnownFileType = sourcecode.swift; path = PurchaseTicketViewController.swift; sourceTree = "<group>"; };
		443B25F71DDFB999008F94A1 /* Ticket.swift */ = {isa = PBXFileReference; fileEncoding = 4; lastKnownFileType = sourcecode.swift; path = Ticket.swift; sourceTree = "<group>"; };
		443B25F91DE0397C008F94A1 /* TicketViewController.swift */ = {isa = PBXFileReference; fileEncoding = 4; lastKnownFileType = sourcecode.swift; path = TicketViewController.swift; sourceTree = "<group>"; };
		4470DA241D95D6AA002468D8 /* SpartanSuperway.app */ = {isa = PBXFileReference; explicitFileType = wrapper.application; includeInIndex = 0; path = SpartanSuperway.app; sourceTree = BUILT_PRODUCTS_DIR; };
		4470DA271D95D6AA002468D8 /* AppDelegate.swift */ = {isa = PBXFileReference; lastKnownFileType = sourcecode.swift; path = AppDelegate.swift; sourceTree = "<group>"; };
		4470DA2C1D95D6AA002468D8 /* Base */ = {isa = PBXFileReference; lastKnownFileType = file.storyboard; name = Base; path = Base.lproj/Main.storyboard; sourceTree = "<group>"; };
		4470DA2E1D95D6AA002468D8 /* Assets.xcassets */ = {isa = PBXFileReference; lastKnownFileType = folder.assetcatalog; path = Assets.xcassets; sourceTree = "<group>"; };
		4470DA311D95D6AA002468D8 /* Base */ = {isa = PBXFileReference; lastKnownFileType = file.storyboard; name = Base; path = Base.lproj/LaunchScreen.storyboard; sourceTree = "<group>"; };
		4470DA331D95D6AA002468D8 /* Info.plist */ = {isa = PBXFileReference; lastKnownFileType = text.plist.xml; path = Info.plist; sourceTree = "<group>"; };
		4470DA381D95D6AA002468D8 /* SpartanSuperwayTests.xctest */ = {isa = PBXFileReference; explicitFileType = wrapper.cfbundle; includeInIndex = 0; path = SpartanSuperwayTests.xctest; sourceTree = BUILT_PRODUCTS_DIR; };
		4470DA3C1D95D6AA002468D8 /* SpartanSuperwayTests.swift */ = {isa = PBXFileReference; lastKnownFileType = sourcecode.swift; path = SpartanSuperwayTests.swift; sourceTree = "<group>"; };
		4470DA3E1D95D6AA002468D8 /* Info.plist */ = {isa = PBXFileReference; lastKnownFileType = text.plist.xml; path = Info.plist; sourceTree = "<group>"; };
		4470DA431D95D6AA002468D8 /* SpartanSuperwayUITests.xctest */ = {isa = PBXFileReference; explicitFileType = wrapper.cfbundle; includeInIndex = 0; path = SpartanSuperwayUITests.xctest; sourceTree = BUILT_PRODUCTS_DIR; };
		4470DA471D95D6AA002468D8 /* SpartanSuperwayUITests.swift */ = {isa = PBXFileReference; lastKnownFileType = sourcecode.swift; path = SpartanSuperwayUITests.swift; sourceTree = "<group>"; };
		4470DA491D95D6AA002468D8 /* Info.plist */ = {isa = PBXFileReference; lastKnownFileType = text.plist.xml; path = Info.plist; sourceTree = "<group>"; };
		4470DA571D9A10A8002468D8 /* SignInViewController.swift */ = {isa = PBXFileReference; fileEncoding = 4; lastKnownFileType = sourcecode.swift; path = SignInViewController.swift; sourceTree = "<group>"; };
		44724D401DF543E200ECD73C /* TicketTableViewCell.swift */ = {isa = PBXFileReference; fileEncoding = 4; lastKnownFileType = sourcecode.swift; path = TicketTableViewCell.swift; sourceTree = "<group>"; };
		44724D421DF54CF200ECD73C /* StatusControl.swift */ = {isa = PBXFileReference; fileEncoding = 4; lastKnownFileType = sourcecode.swift; path = StatusControl.swift; sourceTree = "<group>"; };
		44724D441DF5514E00ECD73C /* MapViewController.swift */ = {isa = PBXFileReference; fileEncoding = 4; lastKnownFileType = sourcecode.swift; path = MapViewController.swift; sourceTree = "<group>"; };
		44724D491DF75E4E00ECD73C /* DataServices.swift */ = {isa = PBXFileReference; fileEncoding = 4; lastKnownFileType = sourcecode.swift; path = DataServices.swift; sourceTree = "<group>"; };
		447B4EBB1DA0E5950072AAD4 /* GoogleService-Info.plist */ = {isa = PBXFileReference; fileEncoding = 4; lastKnownFileType = text.plist.xml; name = "GoogleService-Info.plist"; path = "../GoogleService-Info.plist"; sourceTree = "<group>"; };
		449EF5861E96079A0007F2CF /* EtaView.swift */ = {isa = PBXFileReference; fileEncoding = 4; lastKnownFileType = sourcecode.swift; path = EtaView.swift; sourceTree = "<group>"; };
		8B531E0B2919443E0F801C2D /* Pods_SpartanSuperwayUITests.framework */ = {isa = PBXFileReference; explicitFileType = wrapper.framework; includeInIndex = 0; path = Pods_SpartanSuperwayUITests.framework; sourceTree = BUILT_PRODUCTS_DIR; };
		8E6E4D41F3795F18F4066B6E /* Pods-SpartanSuperwayUITests.release.xcconfig */ = {isa = PBXFileReference; includeInIndex = 1; lastKnownFileType = text.xcconfig; name = "Pods-SpartanSuperwayUITests.release.xcconfig"; path = "Pods/Target Support Files/Pods-SpartanSuperwayUITests/Pods-SpartanSuperwayUITests.release.xcconfig"; sourceTree = "<group>"; };
		A1785E424903771A57F50521 /* Pods-SpartanSuperwayUITests.debug.xcconfig */ = {isa = PBXFileReference; includeInIndex = 1; lastKnownFileType = text.xcconfig; name = "Pods-SpartanSuperwayUITests.debug.xcconfig"; path = "Pods/Target Support Files/Pods-SpartanSuperwayUITests/Pods-SpartanSuperwayUITests.debug.xcconfig"; sourceTree = "<group>"; };
		A97888A68A1306BC17AEC1FC /* Pods-SpartanSuperway.release.xcconfig */ = {isa = PBXFileReference; includeInIndex = 1; lastKnownFileType = text.xcconfig; name = "Pods-SpartanSuperway.release.xcconfig"; path = "Pods/Target Support Files/Pods-SpartanSuperway/Pods-SpartanSuperway.release.xcconfig"; sourceTree = "<group>"; };
		C3363333186E064AA72AD4EA /* Pods-SpartanSuperwayTests.debug.xcconfig */ = {isa = PBXFileReference; includeInIndex = 1; lastKnownFileType = text.xcconfig; name = "Pods-SpartanSuperwayTests.debug.xcconfig"; path = "Pods/Target Support Files/Pods-SpartanSuperwayTests/Pods-SpartanSuperwayTests.debug.xcconfig"; sourceTree = "<group>"; };
		DC08B5EAB0D52329E90EDF94 /* Pods_SpartanSuperwayTests.framework */ = {isa = PBXFileReference; explicitFileType = wrapper.framework; includeInIndex = 0; path = Pods_SpartanSuperwayTests.framework; sourceTree = BUILT_PRODUCTS_DIR; };
/* End PBXFileReference section */

/* Begin PBXFrameworksBuildPhase section */
		4470DA211D95D6AA002468D8 /* Frameworks */ = {
			isa = PBXFrameworksBuildPhase;
			buildActionMask = 2147483647;
			files = (
				1404EA418EE1B3CB93119D10 /* Pods_SpartanSuperway.framework in Frameworks */,
			);
			runOnlyForDeploymentPostprocessing = 0;
		};
		4470DA351D95D6AA002468D8 /* Frameworks */ = {
			isa = PBXFrameworksBuildPhase;
			buildActionMask = 2147483647;
			files = (
				F6474A3774C473CD57159ECC /* Pods_SpartanSuperwayTests.framework in Frameworks */,
			);
			runOnlyForDeploymentPostprocessing = 0;
		};
		4470DA401D95D6AA002468D8 /* Frameworks */ = {
			isa = PBXFrameworksBuildPhase;
			buildActionMask = 2147483647;
			files = (
				E3944D8975FE400460401CD9 /* Pods_SpartanSuperwayUITests.framework in Frameworks */,
			);
			runOnlyForDeploymentPostprocessing = 0;
		};
/* End PBXFrameworksBuildPhase section */

/* Begin PBXGroup section */
		44046E261EBA825B00AC0429 /* Gif */ = {
			isa = PBXGroup;
			children = (
				44046E271EBA82FE00AC0429 /* Sunny.gif */,
			);
			name = Gif;
			sourceTree = "<group>";
		};
		4470DA1B1D95D6AA002468D8 = {
			isa = PBXGroup;
			children = (
				4470DA261D95D6AA002468D8 /* SpartanSuperway */,
				4470DA3B1D95D6AA002468D8 /* SpartanSuperwayTests */,
				4470DA461D95D6AA002468D8 /* SpartanSuperwayUITests */,
				4470DA251D95D6AA002468D8 /* Products */,
				5E9782E499A99F25CE9371A0 /* Pods */,
				5A2F3E64F65F52E502CAA28F /* Frameworks */,
			);
			sourceTree = "<group>";
		};
		4470DA251D95D6AA002468D8 /* Products */ = {
			isa = PBXGroup;
			children = (
				4470DA241D95D6AA002468D8 /* SpartanSuperway.app */,
				4470DA381D95D6AA002468D8 /* SpartanSuperwayTests.xctest */,
				4470DA431D95D6AA002468D8 /* SpartanSuperwayUITests.xctest */,
			);
			name = Products;
			sourceTree = "<group>";
		};
		4470DA261D95D6AA002468D8 /* SpartanSuperway */ = {
			isa = PBXGroup;
			children = (
				44724D471DF5F3DC00ECD73C /* SupportFiles */,
				44724D461DF5F16900ECD73C /* ViewControllers */,
				44724D481DF5F40800ECD73C /* Models */,
			);
			path = SpartanSuperway;
			sourceTree = "<group>";
		};
		4470DA3B1D95D6AA002468D8 /* SpartanSuperwayTests */ = {
			isa = PBXGroup;
			children = (
				4470DA3C1D95D6AA002468D8 /* SpartanSuperwayTests.swift */,
				4470DA3E1D95D6AA002468D8 /* Info.plist */,
			);
			path = SpartanSuperwayTests;
			sourceTree = "<group>";
		};
		4470DA461D95D6AA002468D8 /* SpartanSuperwayUITests */ = {
			isa = PBXGroup;
			children = (
				4470DA471D95D6AA002468D8 /* SpartanSuperwayUITests.swift */,
				4470DA491D95D6AA002468D8 /* Info.plist */,
			);
			path = SpartanSuperwayUITests;
			sourceTree = "<group>";
		};
		44724D461DF5F16900ECD73C /* ViewControllers */ = {
			isa = PBXGroup;
			children = (
				442892001DAEE90100A7E423 /* MainViewController.swift */,
				44724D441DF5514E00ECD73C /* MapViewController.swift */,
				443B25F51DDEB4E3008F94A1 /* PurchaseTicketViewController.swift */,
				4470DA571D9A10A8002468D8 /* SignInViewController.swift */,
				442CAB6C1D9CA7F400A4008F /* SignUpViewController.swift */,
				44724D401DF543E200ECD73C /* TicketTableViewCell.swift */,
				443B25F91DE0397C008F94A1 /* TicketViewController.swift */,
				443B25F31DDEB219008F94A1 /* ViewTicketsViewController.swift */,
				449EF5861E96079A0007F2CF /* EtaView.swift */,
			);
			name = ViewControllers;
			sourceTree = "<group>";
		};
		44724D471DF5F3DC00ECD73C /* SupportFiles */ = {
			isa = PBXGroup;
			children = (
				44046E261EBA825B00AC0429 /* Gif */,
				447B4EBB1DA0E5950072AAD4 /* GoogleService-Info.plist */,
				4470DA271D95D6AA002468D8 /* AppDelegate.swift */,
				4470DA2B1D95D6AA002468D8 /* Main.storyboard */,
				4470DA2E1D95D6AA002468D8 /* Assets.xcassets */,
				4470DA301D95D6AA002468D8 /* LaunchScreen.storyboard */,
				4470DA331D95D6AA002468D8 /* Info.plist */,
				44046E291EBA85F000AC0429 /* iOSDevCenters+GIF.swift */,
			);
			name = SupportFiles;
			sourceTree = "<group>";
		};
		44724D481DF5F40800ECD73C /* Models */ = {
			isa = PBXGroup;
			children = (
				443B25F71DDFB999008F94A1 /* Ticket.swift */,
				44724D421DF54CF200ECD73C /* StatusControl.swift */,
				44724D491DF75E4E00ECD73C /* DataServices.swift */,
			);
			name = Models;
			sourceTree = "<group>";
		};
		5A2F3E64F65F52E502CAA28F /* Frameworks */ = {
			isa = PBXGroup;
			children = (
				16EBA0084F506C568F3364C8 /* Pods_SpartanSuperway.framework */,
				DC08B5EAB0D52329E90EDF94 /* Pods_SpartanSuperwayTests.framework */,
				8B531E0B2919443E0F801C2D /* Pods_SpartanSuperwayUITests.framework */,
			);
			name = Frameworks;
			sourceTree = "<group>";
		};
		5E9782E499A99F25CE9371A0 /* Pods */ = {
			isa = PBXGroup;
			children = (
				0E71AFCBCC221751F60EAA6C /* Pods-SpartanSuperway.debug.xcconfig */,
				A97888A68A1306BC17AEC1FC /* Pods-SpartanSuperway.release.xcconfig */,
				C3363333186E064AA72AD4EA /* Pods-SpartanSuperwayTests.debug.xcconfig */,
				00CCF6F61CF3BF9BD7726D68 /* Pods-SpartanSuperwayTests.release.xcconfig */,
				A1785E424903771A57F50521 /* Pods-SpartanSuperwayUITests.debug.xcconfig */,
				8E6E4D41F3795F18F4066B6E /* Pods-SpartanSuperwayUITests.release.xcconfig */,
			);
			name = Pods;
			sourceTree = "<group>";
		};
/* End PBXGroup section */

/* Begin PBXNativeTarget section */
		4470DA231D95D6AA002468D8 /* SpartanSuperway */ = {
			isa = PBXNativeTarget;
			buildConfigurationList = 4470DA4C1D95D6AA002468D8 /* Build configuration list for PBXNativeTarget "SpartanSuperway" */;
			buildPhases = (
				DAB878D8E77DC6FB318A2FBB /* [CP] Check Pods Manifest.lock */,
				4470DA201D95D6AA002468D8 /* Sources */,
				4470DA211D95D6AA002468D8 /* Frameworks */,
				4470DA221D95D6AA002468D8 /* Resources */,
				3AE30F5ADB9AD5DCF3C54DCA /* [CP] Embed Pods Frameworks */,
				A3222BEC33C3C324CDDB86AE /* [CP] Copy Pods Resources */,
			);
			buildRules = (
			);
			dependencies = (
			);
			name = SpartanSuperway;
			productName = SpartanSuperway;
			productReference = 4470DA241D95D6AA002468D8 /* SpartanSuperway.app */;
			productType = "com.apple.product-type.application";
		};
		4470DA371D95D6AA002468D8 /* SpartanSuperwayTests */ = {
			isa = PBXNativeTarget;
			buildConfigurationList = 4470DA4F1D95D6AA002468D8 /* Build configuration list for PBXNativeTarget "SpartanSuperwayTests" */;
			buildPhases = (
				1D2E2E9A4F6654699FEC8BBE /* [CP] Check Pods Manifest.lock */,
				4470DA341D95D6AA002468D8 /* Sources */,
				4470DA351D95D6AA002468D8 /* Frameworks */,
				4470DA361D95D6AA002468D8 /* Resources */,
				3F961D87BB5921E7AED4BAFF /* [CP] Embed Pods Frameworks */,
				4378CA95A5514BE0549E6E80 /* [CP] Copy Pods Resources */,
			);
			buildRules = (
			);
			dependencies = (
				4470DA3A1D95D6AA002468D8 /* PBXTargetDependency */,
			);
			name = SpartanSuperwayTests;
			productName = SpartanSuperwayTests;
			productReference = 4470DA381D95D6AA002468D8 /* SpartanSuperwayTests.xctest */;
			productType = "com.apple.product-type.bundle.unit-test";
		};
		4470DA421D95D6AA002468D8 /* SpartanSuperwayUITests */ = {
			isa = PBXNativeTarget;
			buildConfigurationList = 4470DA521D95D6AA002468D8 /* Build configuration list for PBXNativeTarget "SpartanSuperwayUITests" */;
			buildPhases = (
				A88CF9948B7EF9896C88C65B /* [CP] Check Pods Manifest.lock */,
				4470DA3F1D95D6AA002468D8 /* Sources */,
				4470DA401D95D6AA002468D8 /* Frameworks */,
				4470DA411D95D6AA002468D8 /* Resources */,
				E98838073AAE38D719C10E95 /* [CP] Copy Pods Resources */,
			);
			buildRules = (
			);
			dependencies = (
				4470DA451D95D6AA002468D8 /* PBXTargetDependency */,
			);
			name = SpartanSuperwayUITests;
			productName = SpartanSuperwayUITests;
			productReference = 4470DA431D95D6AA002468D8 /* SpartanSuperwayUITests.xctest */;
			productType = "com.apple.product-type.bundle.ui-testing";
		};
/* End PBXNativeTarget section */

/* Begin PBXProject section */
		4470DA1C1D95D6AA002468D8 /* Project object */ = {
			isa = PBXProject;
			attributes = {
				LastSwiftUpdateCheck = 0800;
				LastUpgradeCheck = 0800;
				ORGANIZATIONNAME = SpartanSuperway;
				TargetAttributes = {
					4470DA231D95D6AA002468D8 = {
						CreatedOnToolsVersion = 8.0;
						DevelopmentTeam = 2ZPV6SNEWK;
						LastSwiftMigration = 0830;
						ProvisioningStyle = Automatic;
					};
					4470DA371D95D6AA002468D8 = {
						CreatedOnToolsVersion = 8.0;
						ProvisioningStyle = Automatic;
						TestTargetID = 4470DA231D95D6AA002468D8;
					};
					4470DA421D95D6AA002468D8 = {
						CreatedOnToolsVersion = 8.0;
						ProvisioningStyle = Automatic;
						TestTargetID = 4470DA231D95D6AA002468D8;
					};
				};
			};
			buildConfigurationList = 4470DA1F1D95D6AA002468D8 /* Build configuration list for PBXProject "SpartanSuperway" */;
			compatibilityVersion = "Xcode 3.2";
			developmentRegion = English;
			hasScannedForEncodings = 0;
			knownRegions = (
				en,
				Base,
			);
			mainGroup = 4470DA1B1D95D6AA002468D8;
			productRefGroup = 4470DA251D95D6AA002468D8 /* Products */;
			projectDirPath = "";
			projectRoot = "";
			targets = (
				4470DA231D95D6AA002468D8 /* SpartanSuperway */,
				4470DA371D95D6AA002468D8 /* SpartanSuperwayTests */,
				4470DA421D95D6AA002468D8 /* SpartanSuperwayUITests */,
			);
		};
/* End PBXProject section */

/* Begin PBXResourcesBuildPhase section */
		4470DA221D95D6AA002468D8 /* Resources */ = {
			isa = PBXResourcesBuildPhase;
			buildActionMask = 2147483647;
			files = (
				4470DA321D95D6AA002468D8 /* LaunchScreen.storyboard in Resources */,
				447B4EBC1DA0E5950072AAD4 /* GoogleService-Info.plist in Resources */,
				4470DA2F1D95D6AA002468D8 /* Assets.xcassets in Resources */,
				44046E281EBA82FE00AC0429 /* Sunny.gif in Resources */,
				4470DA2D1D95D6AA002468D8 /* Main.storyboard in Resources */,
			);
			runOnlyForDeploymentPostprocessing = 0;
		};
		4470DA361D95D6AA002468D8 /* Resources */ = {
			isa = PBXResourcesBuildPhase;
			buildActionMask = 2147483647;
			files = (
			);
			runOnlyForDeploymentPostprocessing = 0;
		};
		4470DA411D95D6AA002468D8 /* Resources */ = {
			isa = PBXResourcesBuildPhase;
			buildActionMask = 2147483647;
			files = (
			);
			runOnlyForDeploymentPostprocessing = 0;
		};
/* End PBXResourcesBuildPhase section */

/* Begin PBXShellScriptBuildPhase section */
		1D2E2E9A4F6654699FEC8BBE /* [CP] Check Pods Manifest.lock */ = {
			isa = PBXShellScriptBuildPhase;
			buildActionMask = 2147483647;
			files = (
			);
			inputPaths = (
			);
			name = "[CP] Check Pods Manifest.lock";
			outputPaths = (
			);
			runOnlyForDeploymentPostprocessing = 0;
			shellPath = /bin/sh;
			shellScript = "diff \"${PODS_ROOT}/../Podfile.lock\" \"${PODS_ROOT}/Manifest.lock\" > /dev/null\nif [[ $? != 0 ]] ; then\n    cat << EOM\nerror: The sandbox is not in sync with the Podfile.lock. Run 'pod install' or update your CocoaPods installation.\nEOM\n    exit 1\nfi\n";
			showEnvVarsInLog = 0;
		};
		3AE30F5ADB9AD5DCF3C54DCA /* [CP] Embed Pods Frameworks */ = {
			isa = PBXShellScriptBuildPhase;
			buildActionMask = 2147483647;
			files = (
			);
			inputPaths = (
			);
			name = "[CP] Embed Pods Frameworks";
			outputPaths = (
			);
			runOnlyForDeploymentPostprocessing = 0;
			shellPath = /bin/sh;
			shellScript = "\"${SRCROOT}/Pods/Target Support Files/Pods-SpartanSuperway/Pods-SpartanSuperway-frameworks.sh\"\n";
			showEnvVarsInLog = 0;
		};
		3F961D87BB5921E7AED4BAFF /* [CP] Embed Pods Frameworks */ = {
			isa = PBXShellScriptBuildPhase;
			buildActionMask = 2147483647;
			files = (
			);
			inputPaths = (
			);
			name = "[CP] Embed Pods Frameworks";
			outputPaths = (
			);
			runOnlyForDeploymentPostprocessing = 0;
			shellPath = /bin/sh;
			shellScript = "\"${SRCROOT}/Pods/Target Support Files/Pods-SpartanSuperwayTests/Pods-SpartanSuperwayTests-frameworks.sh\"\n";
			showEnvVarsInLog = 0;
		};
		4378CA95A5514BE0549E6E80 /* [CP] Copy Pods Resources */ = {
			isa = PBXShellScriptBuildPhase;
			buildActionMask = 2147483647;
			files = (
			);
			inputPaths = (
			);
			name = "[CP] Copy Pods Resources";
			outputPaths = (
			);
			runOnlyForDeploymentPostprocessing = 0;
			shellPath = /bin/sh;
			shellScript = "\"${SRCROOT}/Pods/Target Support Files/Pods-SpartanSuperwayTests/Pods-SpartanSuperwayTests-resources.sh\"\n";
			showEnvVarsInLog = 0;
		};
		A3222BEC33C3C324CDDB86AE /* [CP] Copy Pods Resources */ = {
			isa = PBXShellScriptBuildPhase;
			buildActionMask = 2147483647;
			files = (
			);
			inputPaths = (
			);
			name = "[CP] Copy Pods Resources";
			outputPaths = (
			);
			runOnlyForDeploymentPostprocessing = 0;
			shellPath = /bin/sh;
			shellScript = "\"${SRCROOT}/Pods/Target Support Files/Pods-SpartanSuperway/Pods-SpartanSuperway-resources.sh\"\n";
			showEnvVarsInLog = 0;
		};
		A88CF9948B7EF9896C88C65B /* [CP] Check Pods Manifest.lock */ = {
			isa = PBXShellScriptBuildPhase;
			buildActionMask = 2147483647;
			files = (
			);
			inputPaths = (
			);
			name = "[CP] Check Pods Manifest.lock";
			outputPaths = (
			);
			runOnlyForDeploymentPostprocessing = 0;
			shellPath = /bin/sh;
			shellScript = "diff \"${PODS_ROOT}/../Podfile.lock\" \"${PODS_ROOT}/Manifest.lock\" > /dev/null\nif [[ $? != 0 ]] ; then\n    cat << EOM\nerror: The sandbox is not in sync with the Podfile.lock. Run 'pod install' or update your CocoaPods installation.\nEOM\n    exit 1\nfi\n";
			showEnvVarsInLog = 0;
		};
		DAB878D8E77DC6FB318A2FBB /* [CP] Check Pods Manifest.lock */ = {
			isa = PBXShellScriptBuildPhase;
			buildActionMask = 2147483647;
			files = (
			);
			inputPaths = (
			);
			name = "[CP] Check Pods Manifest.lock";
			outputPaths = (
			);
			runOnlyForDeploymentPostprocessing = 0;
			shellPath = /bin/sh;
			shellScript = "diff \"${PODS_ROOT}/../Podfile.lock\" \"${PODS_ROOT}/Manifest.lock\" > /dev/null\nif [[ $? != 0 ]] ; then\n    cat << EOM\nerror: The sandbox is not in sync with the Podfile.lock. Run 'pod install' or update your CocoaPods installation.\nEOM\n    exit 1\nfi\n";
			showEnvVarsInLog = 0;
		};
		E98838073AAE38D719C10E95 /* [CP] Copy Pods Resources */ = {
			isa = PBXShellScriptBuildPhase;
			buildActionMask = 2147483647;
			files = (
			);
			inputPaths = (
			);
			name = "[CP] Copy Pods Resources";
			outputPaths = (
			);
			runOnlyForDeploymentPostprocessing = 0;
			shellPath = /bin/sh;
			shellScript = "\"${SRCROOT}/Pods/Target Support Files/Pods-SpartanSuperwayUITests/Pods-SpartanSuperwayUITests-resources.sh\"\n";
			showEnvVarsInLog = 0;
		};
/* End PBXShellScriptBuildPhase section */

/* Begin PBXSourcesBuildPhase section */
		4470DA201D95D6AA002468D8 /* Sources */ = {
			isa = PBXSourcesBuildPhase;
			buildActionMask = 2147483647;
			files = (
				44724D451DF5514E00ECD73C /* MapViewController.swift in Sources */,
				4470DA581D9A10A8002468D8 /* SignInViewController.swift in Sources */,
				442CAB6D1D9CA7F400A4008F /* SignUpViewController.swift in Sources */,
				44046E2A1EBA85F000AC0429 /* iOSDevCenters+GIF.swift in Sources */,
				443B25F81DDFB999008F94A1 /* Ticket.swift in Sources */,
				4470DA281D95D6AA002468D8 /* AppDelegate.swift in Sources */,
				443B25F41DDEB219008F94A1 /* ViewTicketsViewController.swift in Sources */,
				44724D4A1DF75E4E00ECD73C /* DataServices.swift in Sources */,
				449EF5871E96079A0007F2CF /* EtaView.swift in Sources */,
				443B25F61DDEB4E3008F94A1 /* PurchaseTicketViewController.swift in Sources */,
				44724D411DF543E200ECD73C /* TicketTableViewCell.swift in Sources */,
				44724D431DF54CF200ECD73C /* StatusControl.swift in Sources */,
				442892011DAEE90100A7E423 /* MainViewController.swift in Sources */,
				443B25FA1DE0397C008F94A1 /* TicketViewController.swift in Sources */,
			);
			runOnlyForDeploymentPostprocessing = 0;
		};
		4470DA341D95D6AA002468D8 /* Sources */ = {
			isa = PBXSourcesBuildPhase;
			buildActionMask = 2147483647;
			files = (
				4470DA3D1D95D6AA002468D8 /* SpartanSuperwayTests.swift in Sources */,
			);
			runOnlyForDeploymentPostprocessing = 0;
		};
		4470DA3F1D95D6AA002468D8 /* Sources */ = {
			isa = PBXSourcesBuildPhase;
			buildActionMask = 2147483647;
			files = (
				4470DA481D95D6AA002468D8 /* SpartanSuperwayUITests.swift in Sources */,
			);
			runOnlyForDeploymentPostprocessing = 0;
		};
/* End PBXSourcesBuildPhase section */

/* Begin PBXTargetDependency section */
		4470DA3A1D95D6AA002468D8 /* PBXTargetDependency */ = {
			isa = PBXTargetDependency;
			target = 4470DA231D95D6AA002468D8 /* SpartanSuperway */;
			targetProxy = 4470DA391D95D6AA002468D8 /* PBXContainerItemProxy */;
		};
		4470DA451D95D6AA002468D8 /* PBXTargetDependency */ = {
			isa = PBXTargetDependency;
			target = 4470DA231D95D6AA002468D8 /* SpartanSuperway */;
			targetProxy = 4470DA441D95D6AA002468D8 /* PBXContainerItemProxy */;
		};
/* End PBXTargetDependency section */

/* Begin PBXVariantGroup section */
		4470DA2B1D95D6AA002468D8 /* Main.storyboard */ = {
			isa = PBXVariantGroup;
			children = (
				4470DA2C1D95D6AA002468D8 /* Base */,
			);
			name = Main.storyboard;
			sourceTree = "<group>";
		};
		4470DA301D95D6AA002468D8 /* LaunchScreen.storyboard */ = {
			isa = PBXVariantGroup;
			children = (
				4470DA311D95D6AA002468D8 /* Base */,
			);
			name = LaunchScreen.storyboard;
			sourceTree = "<group>";
		};
/* End PBXVariantGroup section */

/* Begin XCBuildConfiguration section */
		4470DA4A1D95D6AA002468D8 /* Debug */ = {
			isa = XCBuildConfiguration;
			buildSettings = {
				ALWAYS_SEARCH_USER_PATHS = NO;
				CLANG_ANALYZER_NONNULL = YES;
				CLANG_CXX_LANGUAGE_STANDARD = "gnu++0x";
				CLANG_CXX_LIBRARY = "libc++";
				CLANG_ENABLE_MODULES = YES;
				CLANG_ENABLE_OBJC_ARC = YES;
				CLANG_WARN_BOOL_CONVERSION = YES;
				CLANG_WARN_CONSTANT_CONVERSION = YES;
				CLANG_WARN_DIRECT_OBJC_ISA_USAGE = YES_ERROR;
				CLANG_WARN_DOCUMENTATION_COMMENTS = YES;
				CLANG_WARN_EMPTY_BODY = YES;
				CLANG_WARN_ENUM_CONVERSION = YES;
				CLANG_WARN_INFINITE_RECURSION = YES;
				CLANG_WARN_INT_CONVERSION = YES;
				CLANG_WARN_OBJC_ROOT_CLASS = YES_ERROR;
				CLANG_WARN_SUSPICIOUS_MOVE = YES;
				CLANG_WARN_SUSPICIOUS_MOVES = YES;
				CLANG_WARN_UNREACHABLE_CODE = YES;
				CLANG_WARN__DUPLICATE_METHOD_MATCH = YES;
				"CODE_SIGN_IDENTITY[sdk=iphoneos*]" = "iPhone Developer";
				COPY_PHASE_STRIP = NO;
				DEBUG_INFORMATION_FORMAT = dwarf;
				ENABLE_STRICT_OBJC_MSGSEND = YES;
				ENABLE_TESTABILITY = YES;
				GCC_C_LANGUAGE_STANDARD = gnu99;
				GCC_DYNAMIC_NO_PIC = NO;
				GCC_NO_COMMON_BLOCKS = YES;
				GCC_OPTIMIZATION_LEVEL = 0;
				GCC_PREPROCESSOR_DEFINITIONS = (
					"DEBUG=1",
					"$(inherited)",
				);
				GCC_WARN_64_TO_32_BIT_CONVERSION = YES;
				GCC_WARN_ABOUT_RETURN_TYPE = YES_ERROR;
				GCC_WARN_UNDECLARED_SELECTOR = YES;
				GCC_WARN_UNINITIALIZED_AUTOS = YES_AGGRESSIVE;
				GCC_WARN_UNUSED_FUNCTION = YES;
				GCC_WARN_UNUSED_VARIABLE = YES;
				IPHONEOS_DEPLOYMENT_TARGET = 10.0;
				MTL_ENABLE_DEBUG_INFO = YES;
				ONLY_ACTIVE_ARCH = YES;
				SDKROOT = iphoneos;
				SWIFT_ACTIVE_COMPILATION_CONDITIONS = DEBUG;
				SWIFT_OPTIMIZATION_LEVEL = "-Onone";
				TARGETED_DEVICE_FAMILY = "1,2";
			};
			name = Debug;
		};
		4470DA4B1D95D6AA002468D8 /* Release */ = {
			isa = XCBuildConfiguration;
			buildSettings = {
				ALWAYS_SEARCH_USER_PATHS = NO;
				CLANG_ANALYZER_NONNULL = YES;
				CLANG_CXX_LANGUAGE_STANDARD = "gnu++0x";
				CLANG_CXX_LIBRARY = "libc++";
				CLANG_ENABLE_MODULES = YES;
				CLANG_ENABLE_OBJC_ARC = YES;
				CLANG_WARN_BOOL_CONVERSION = YES;
				CLANG_WARN_CONSTANT_CONVERSION = YES;
				CLANG_WARN_DIRECT_OBJC_ISA_USAGE = YES_ERROR;
				CLANG_WARN_DOCUMENTATION_COMMENTS = YES;
				CLANG_WARN_EMPTY_BODY = YES;
				CLANG_WARN_ENUM_CONVERSION = YES;
				CLANG_WARN_INFINITE_RECURSION = YES;
				CLANG_WARN_INT_CONVERSION = YES;
				CLANG_WARN_OBJC_ROOT_CLASS = YES_ERROR;
				CLANG_WARN_SUSPICIOUS_MOVE = YES;
				CLANG_WARN_SUSPICIOUS_MOVES = YES;
				CLANG_WARN_UNREACHABLE_CODE = YES;
				CLANG_WARN__DUPLICATE_METHOD_MATCH = YES;
				"CODE_SIGN_IDENTITY[sdk=iphoneos*]" = "iPhone Developer";
				COPY_PHASE_STRIP = NO;
				DEBUG_INFORMATION_FORMAT = "dwarf-with-dsym";
				ENABLE_NS_ASSERTIONS = NO;
				ENABLE_STRICT_OBJC_MSGSEND = YES;
				GCC_C_LANGUAGE_STANDARD = gnu99;
				GCC_NO_COMMON_BLOCKS = YES;
				GCC_WARN_64_TO_32_BIT_CONVERSION = YES;
				GCC_WARN_ABOUT_RETURN_TYPE = YES_ERROR;
				GCC_WARN_UNDECLARED_SELECTOR = YES;
				GCC_WARN_UNINITIALIZED_AUTOS = YES_AGGRESSIVE;
				GCC_WARN_UNUSED_FUNCTION = YES;
				GCC_WARN_UNUSED_VARIABLE = YES;
				IPHONEOS_DEPLOYMENT_TARGET = 10.0;
				MTL_ENABLE_DEBUG_INFO = NO;
				SDKROOT = iphoneos;
				SWIFT_OPTIMIZATION_LEVEL = "-Owholemodule";
				TARGETED_DEVICE_FAMILY = "1,2";
				VALIDATE_PRODUCT = YES;
			};
			name = Release;
		};
		4470DA4D1D95D6AA002468D8 /* Debug */ = {
			isa = XCBuildConfiguration;
			baseConfigurationReference = 0E71AFCBCC221751F60EAA6C /* Pods-SpartanSuperway.debug.xcconfig */;
			buildSettings = {
				ALWAYS_EMBED_SWIFT_STANDARD_LIBRARIES = YES;
				ASSETCATALOG_COMPILER_APPICON_NAME = AppIcon;
				DEVELOPMENT_TEAM = 2ZPV6SNEWK;
				INFOPLIST_FILE = SpartanSuperway/Info.plist;
				LD_RUNPATH_SEARCH_PATHS = "$(inherited)";
				PRODUCT_BUNDLE_IDENTIFIER = com.spartansuperway.ios;
				PRODUCT_NAME = "$(TARGET_NAME)";
				SWIFT_VERSION = 3.0;
			};
			name = Debug;
		};
		4470DA4E1D95D6AA002468D8 /* Release */ = {
			isa = XCBuildConfiguration;
			baseConfigurationReference = A97888A68A1306BC17AEC1FC /* Pods-SpartanSuperway.release.xcconfig */;
			buildSettings = {
				ALWAYS_EMBED_SWIFT_STANDARD_LIBRARIES = YES;
				ASSETCATALOG_COMPILER_APPICON_NAME = AppIcon;
				DEVELOPMENT_TEAM = 2ZPV6SNEWK;
				INFOPLIST_FILE = SpartanSuperway/Info.plist;
				LD_RUNPATH_SEARCH_PATHS = "$(inherited)";
				PRODUCT_BUNDLE_IDENTIFIER = com.spartansuperway.ios;
				PRODUCT_NAME = "$(TARGET_NAME)";
				SWIFT_VERSION = 3.0;
			};
			name = Release;
		};
		4470DA501D95D6AA002468D8 /* Debug */ = {
			isa = XCBuildConfiguration;
			baseConfigurationReference = C3363333186E064AA72AD4EA /* Pods-SpartanSuperwayTests.debug.xcconfig */;
			buildSettings = {
				ALWAYS_EMBED_SWIFT_STANDARD_LIBRARIES = YES;
				BUNDLE_LOADER = "$(TEST_HOST)";
				INFOPLIST_FILE = SpartanSuperwayTests/Info.plist;
				LD_RUNPATH_SEARCH_PATHS = "$(inherited) @executable_path/Frameworks @loader_path/Frameworks";
				PRODUCT_BUNDLE_IDENTIFIER = com.engr195.spartansuperway.SpartanSuperwayTests;
				PRODUCT_NAME = "$(TARGET_NAME)";
				SWIFT_VERSION = 3.0;
				TEST_HOST = "$(BUILT_PRODUCTS_DIR)/SpartanSuperway.app/SpartanSuperway";
			};
			name = Debug;
		};
		4470DA511D95D6AA002468D8 /* Release */ = {
			isa = XCBuildConfiguration;
			baseConfigurationReference = 00CCF6F61CF3BF9BD7726D68 /* Pods-SpartanSuperwayTests.release.xcconfig */;
			buildSettings = {
				ALWAYS_EMBED_SWIFT_STANDARD_LIBRARIES = YES;
				BUNDLE_LOADER = "$(TEST_HOST)";
				INFOPLIST_FILE = SpartanSuperwayTests/Info.plist;
				LD_RUNPATH_SEARCH_PATHS = "$(inherited) @executable_path/Frameworks @loader_path/Frameworks";
				PRODUCT_BUNDLE_IDENTIFIER = com.engr195.spartansuperway.SpartanSuperwayTests;
				PRODUCT_NAME = "$(TARGET_NAME)";
				SWIFT_VERSION = 3.0;
				TEST_HOST = "$(BUILT_PRODUCTS_DIR)/SpartanSuperway.app/SpartanSuperway";
			};
			name = Release;
		};
		4470DA531D95D6AA002468D8 /* Debug */ = {
			isa = XCBuildConfiguration;
			baseConfigurationReference = A1785E424903771A57F50521 /* Pods-SpartanSuperwayUITests.debug.xcconfig */;
			buildSettings = {
				ALWAYS_EMBED_SWIFT_STANDARD_LIBRARIES = YES;
				INFOPLIST_FILE = SpartanSuperwayUITests/Info.plist;
				LD_RUNPATH_SEARCH_PATHS = "$(inherited) @executable_path/Frameworks @loader_path/Frameworks";
				PRODUCT_BUNDLE_IDENTIFIER = com.engr195.spartansuperway.SpartanSuperwayUITests;
				PRODUCT_NAME = "$(TARGET_NAME)";
				SWIFT_VERSION = 3.0;
				TEST_TARGET_NAME = SpartanSuperway;
			};
			name = Debug;
		};
		4470DA541D95D6AA002468D8 /* Release */ = {
			isa = XCBuildConfiguration;
			baseConfigurationReference = 8E6E4D41F3795F18F4066B6E /* Pods-SpartanSuperwayUITests.release.xcconfig */;
			buildSettings = {
				ALWAYS_EMBED_SWIFT_STANDARD_LIBRARIES = YES;
				INFOPLIST_FILE = SpartanSuperwayUITests/Info.plist;
				LD_RUNPATH_SEARCH_PATHS = "$(inherited) @executable_path/Frameworks @loader_path/Frameworks";
				PRODUCT_BUNDLE_IDENTIFIER = com.engr195.spartansuperway.SpartanSuperwayUITests;
				PRODUCT_NAME = "$(TARGET_NAME)";
				SWIFT_VERSION = 3.0;
				TEST_TARGET_NAME = SpartanSuperway;
			};
			name = Release;
		};
/* End XCBuildConfiguration section */

/* Begin XCConfigurationList section */
		4470DA1F1D95D6AA002468D8 /* Build configuration list for PBXProject "SpartanSuperway" */ = {
			isa = XCConfigurationList;
			buildConfigurations = (
				4470DA4A1D95D6AA002468D8 /* Debug */,
				4470DA4B1D95D6AA002468D8 /* Release */,
			);
			defaultConfigurationIsVisible = 0;
			defaultConfigurationName = Release;
		};
		4470DA4C1D95D6AA002468D8 /* Build configuration list for PBXNativeTarget "SpartanSuperway" */ = {
			isa = XCConfigurationList;
			buildConfigurations = (
				4470DA4D1D95D6AA002468D8 /* Debug */,
				4470DA4E1D95D6AA002468D8 /* Release */,
			);
			defaultConfigurationIsVisible = 0;
			defaultConfigurationName = Release;
		};
		4470DA4F1D95D6AA002468D8 /* Build configuration list for PBXNativeTarget "SpartanSuperwayTests" */ = {
			isa = XCConfigurationList;
			buildConfigurations = (
				4470DA501D95D6AA002468D8 /* Debug */,
				4470DA511D95D6AA002468D8 /* Release */,
			);
			defaultConfigurationIsVisible = 0;
			defaultConfigurationName = Release;
		};
		4470DA521D95D6AA002468D8 /* Build configuration list for PBXNativeTarget "SpartanSuperwayUITests" */ = {
			isa = XCConfigurationList;
			buildConfigurations = (
				4470DA531D95D6AA002468D8 /* Debug */,
				4470DA541D95D6AA002468D8 /* Release */,
			);
			defaultConfigurationIsVisible = 0;
			defaultConfigurationName = Release;
		};
/* End XCConfigurationList section */
	};
	rootObject = 4470DA1C1D95D6AA002468D8 /* Project object */;
}
