// !$*UTF8*$!
{
	archiveVersion = 1;
	classes = {
	};
	objectVersion = 46;
	objects = {

/* Begin PBXBuildFile section */
		4470DA281D95D6AA002468D8 /* AppDelegate.swift in Sources */ = {isa = PBXBuildFile; fileRef = 4470DA271D95D6AA002468D8 /* AppDelegate.swift */; };
		4470DA2A1D95D6AA002468D8 /* ViewController.swift in Sources */ = {isa = PBXBuildFile; fileRef = 4470DA291D95D6AA002468D8 /* ViewController.swift */; };
		4470DA2D1D95D6AA002468D8 /* Main.storyboard in Resources */ = {isa = PBXBuildFile; fileRef = 4470DA2B1D95D6AA002468D8 /* Main.storyboard */; };
		4470DA2F1D95D6AA002468D8 /* Assets.xcassets in Resources */ = {isa = PBXBuildFile; fileRef = 4470DA2E1D95D6AA002468D8 /* Assets.xcassets */; };
		4470DA321D95D6AA002468D8 /* LaunchScreen.storyboard in Resources */ = {isa = PBXBuildFile; fileRef = 4470DA301D95D6AA002468D8 /* LaunchScreen.storyboard */; };
		4470DA3D1D95D6AA002468D8 /* SpartanSuperwayTests.swift in Sources */ = {isa = PBXBuildFile; fileRef = 4470DA3C1D95D6AA002468D8 /* SpartanSuperwayTests.swift */; };
		4470DA481D95D6AA002468D8 /* SpartanSuperwayUITests.swift in Sources */ = {isa = PBXBuildFile; fileRef = 4470DA471D95D6AA002468D8 /* SpartanSuperwayUITests.swift */; };
/* End PBXBuildFile section */

/* Begin PBXContainerItemProxy section */
		4470DA391D95D6AA002468D8 /* PBXContainerItemProxy */ = {
			isa = PBXContainerItemProxy;
			containerPortal = 4470DA1C1D95D6AA002468D8 /* Project object */;
			proxyType = 1;
			remoteGlobalIDString = 4470DA231D95D6AA002468D8;
			remoteInfo = SpartanSuperway;
		};
		4470DA441D95D6AA002468D8 /* PBXContainerItemProxy */ = {
			isa = PBXContainerItemProxy;
			containerPortal = 4470DA1C1D95D6AA002468D8 /* Project object */;
			proxyType = 1;
			remoteGlobalIDString = 4470DA231D95D6AA002468D8;
			remoteInfo = SpartanSuperway;
		};
/* End PBXContainerItemProxy section */

/* Begin PBXFileReference section */
		4470DA241D95D6AA002468D8 /* SpartanSuperway.app */ = {isa = PBXFileReference; explicitFileType = wrapper.application; includeInIndex = 0; path = SpartanSuperway.app; sourceTree = BUILT_PRODUCTS_DIR; };
		4470DA271D95D6AA002468D8 /* AppDelegate.swift */ = {isa = PBXFileReference; lastKnownFileType = sourcecode.swift; path = AppDelegate.swift; sourceTree = "<group>"; };
		4470DA291D95D6AA002468D8 /* ViewController.swift */ = {isa = PBXFileReference; lastKnownFileType = sourcecode.swift; path = ViewController.swift; sourceTree = "<group>"; };
		4470DA2C1D95D6AA002468D8 /* Base */ = {isa = PBXFileReference; lastKnownFileType = file.storyboard; name = Base; path = Base.lproj/Main.storyboard; sourceTree = "<group>"; };
		4470DA2E1D95D6AA002468D8 /* Assets.xcassets */ = {isa = PBXFileReference; lastKnownFileType = folder.assetcatalog; path = Assets.xcassets; sourceTree = "<group>"; };
		4470DA311D95D6AA002468D8 /* Base */ = {isa = PBXFileReference; lastKnownFileType = file.storyboard; name = Base; path = Base.lproj/LaunchScreen.storyboard; sourceTree = "<group>"; };
		4470DA331D95D6AA002468D8 /* Info.plist */ = {isa = PBXFileReference; lastKnownFileType = text.plist.xml; path = Info.plist; sourceTree = "<group>"; };
		4470DA381D95D6AA002468D8 /* SpartanSuperwayTests.xctest */ = {isa = PBXFileReference; explicitFileType = wrapper.cfbundle; includeInIndex = 0; path = SpartanSuperwayTests.xctest; sourceTree = BUILT_PRODUCTS_DIR; };
		4470DA3C1D95D6AA002468D8 /* SpartanSuperwayTests.swift */ = {isa = PBXFileReference; lastKnownFileType = sourcecode.swift; path = SpartanSuperwayTests.swift; sourceTree = "<group>"; };
		4470DA3E1D95D6AA002468D8 /* Info.plist */ = {isa = PBXFileReference; lastKnownFileType = text.plist.xml; path = Info.plist; sourceTree = "<group>"; };
		4470DA431D95D6AA002468D8 /* SpartanSuperwayUITests.xctest */ = {isa = PBXFileReference; explicitFileType = wrapper.cfbundle; includeInIndex = 0; path = SpartanSuperwayUITests.xctest; sourceTree = BUILT_PRODUCTS_DIR; };
		4470DA471D95D6AA002468D8 /* SpartanSuperwayUITests.swift */ = {isa = PBXFileReference; lastKnownFileType = sourcecode.swift; path = SpartanSuperwayUITests.swift; sourceTree = "<group>"; };
		4470DA491D95D6AA002468D8 /* Info.plist */ = {isa = PBXFileReference; lastKnownFileType = text.plist.xml; path = Info.plist; sourceTree = "<group>"; };
/* End PBXFileReference section */

/* Begin PBXFrameworksBuildPhase section */
		4470DA211D95D6AA002468D8 /* Frameworks */ = {
			isa = PBXFrameworksBuildPhase;
			buildActionMask = 2147483647;
			files = (
			);
			runOnlyForDeploymentPostprocessing = 0;
		};
		4470DA351D95D6AA002468D8 /* Frameworks */ = {
			isa = PBXFrameworksBuildPhase;
			buildActionMask = 2147483647;
			files = (
			);
			runOnlyForDeploymentPostprocessing = 0;
		};
		4470DA401D95D6AA002468D8 /* Frameworks */ = {
			isa = PBXFrameworksBuildPhase;
			buildActionMask = 2147483647;
			files = (
			);
			runOnlyForDeploymentPostprocessing = 0;
		};
/* End PBXFrameworksBuildPhase section */

/* Begin PBXGroup section */
		4470DA1B1D95D6AA002468D8 = {
			isa = PBXGroup;
			children = (
				4470DA261D95D6AA002468D8 /* SpartanSuperway */,
				4470DA3B1D95D6AA002468D8 /* SpartanSuperwayTests */,
				4470DA461D95D6AA002468D8 /* SpartanSuperwayUITests */,
				4470DA251D95D6AA002468D8 /* Products */,
			);
			sourceTree = "<group>";
		};
		4470DA251D95D6AA002468D8 /* Products */ = {
			isa = PBXGroup;
			children = (
				4470DA241D95D6AA002468D8 /* SpartanSuperway.app */,
				4470DA381D95D6AA002468D8 /* SpartanSuperwayTests.xctest */,
				4470DA431D95D6AA002468D8 /* SpartanSuperwayUITests.xctest */,
			);
			name = Products;
			sourceTree = "<group>";
		};
		4470DA261D95D6AA002468D8 /* SpartanSuperway */ = {
			isa = PBXGroup;
			children = (
				4470DA271D95D6AA002468D8 /* AppDelegate.swift */,
				4470DA291D95D6AA002468D8 /* ViewController.swift */,
				4470DA2B1D95D6AA002468D8 /* Main.storyboard */,
				4470DA2E1D95D6AA002468D8 /* Assets.xcassets */,
				4470DA301D95D6AA002468D8 /* LaunchScreen.storyboard */,
				4470DA331D95D6AA002468D8 /* Info.plist */,
			);
			path = SpartanSuperway;
			sourceTree = "<group>";
		};
		4470DA3B1D95D6AA002468D8 /* SpartanSuperwayTests */ = {
			isa = PBXGroup;
			children = (
				4470DA3C1D95D6AA002468D8 /* SpartanSuperwayTests.swift */,
				4470DA3E1D95D6AA002468D8 /* Info.plist */,
			);
			path = SpartanSuperwayTests;
			sourceTree = "<group>";
		};
		4470DA461D95D6AA002468D8 /* SpartanSuperwayUITests */ = {
			isa = PBXGroup;
			children = (
				4470DA471D95D6AA002468D8 /* SpartanSuperwayUITests.swift */,
				4470DA491D95D6AA002468D8 /* Info.plist */,
			);
			path = SpartanSuperwayUITests;
			sourceTree = "<group>";
		};
/* End PBXGroup section */

/* Begin PBXNativeTarget section */
		4470DA231D95D6AA002468D8 /* SpartanSuperway */ = {
			isa = PBXNativeTarget;
			buildConfigurationList = 4470DA4C1D95D6AA002468D8 /* Build configuration list for PBXNativeTarget "SpartanSuperway" */;
			buildPhases = (
				4470DA201D95D6AA002468D8 /* Sources */,
				4470DA211D95D6AA002468D8 /* Frameworks */,
				4470DA221D95D6AA002468D8 /* Resources */,
			);
			buildRules = (
			);
			dependencies = (
			);
			name = SpartanSuperway;
			productName = SpartanSuperway;
			productReference = 4470DA241D95D6AA002468D8 /* SpartanSuperway.app */;
			productType = "com.apple.product-type.application";
		};
		4470DA371D95D6AA002468D8 /* SpartanSuperwayTests */ = {
			isa = PBXNativeTarget;
			buildConfigurationList = 4470DA4F1D95D6AA002468D8 /* Build configuration list for PBXNativeTarget "SpartanSuperwayTests" */;
			buildPhases = (
				4470DA341D95D6AA002468D8 /* Sources */,
				4470DA351D95D6AA002468D8 /* Frameworks */,
				4470DA361D95D6AA002468D8 /* Resources */,
			);
			buildRules = (
			);
			dependencies = (
				4470DA3A1D95D6AA002468D8 /* PBXTargetDependency */,
			);
			name = SpartanSuperwayTests;
			productName = SpartanSuperwayTests;
			productReference = 4470DA381D95D6AA002468D8 /* SpartanSuperwayTests.xctest */;
			productType = "com.apple.product-type.bundle.unit-test";
		};
		4470DA421D95D6AA002468D8 /* SpartanSuperwayUITests */ = {
			isa = PBXNativeTarget;
			buildConfigurationList = 4470DA521D95D6AA002468D8 /* Build configuration list for PBXNativeTarget "SpartanSuperwayUITests" */;
			buildPhases = (
				4470DA3F1D95D6AA002468D8 /* Sources */,
				4470DA401D95D6AA002468D8 /* Frameworks */,
				4470DA411D95D6AA002468D8 /* Resources */,
			);
			buildRules = (
			);
			dependencies = (
				4470DA451D95D6AA002468D8 /* PBXTargetDependency */,
			);
			name = SpartanSuperwayUITests;
			productName = SpartanSuperwayUITests;
			productReference = 4470DA431D95D6AA002468D8 /* SpartanSuperwayUITests.xctest */;
			productType = "com.apple.product-type.bundle.ui-testing";
		};
/* End PBXNativeTarget section */

/* Begin PBXProject section */
		4470DA1C1D95D6AA002468D8 /* Project object */ = {
			isa = PBXProject;
			attributes = {
				LastSwiftUpdateCheck = 0800;
				LastUpgradeCheck = 0800;
				ORGANIZATIONNAME = SpartanSuperway;
				TargetAttributes = {
					4470DA231D95D6AA002468D8 = {
						CreatedOnToolsVersion = 8.0;
						ProvisioningStyle = Automatic;
					};
					4470DA371D95D6AA002468D8 = {
						CreatedOnToolsVersion = 8.0;
						ProvisioningStyle = Automatic;
						TestTargetID = 4470DA231D95D6AA002468D8;
					};
					4470DA421D95D6AA002468D8 = {
						CreatedOnToolsVersion = 8.0;
						ProvisioningStyle = Automatic;
						TestTargetID = 4470DA231D95D6AA002468D8;
					};
				};
			};
			buildConfigurationList = 4470DA1F1D95D6AA002468D8 /* Build configuration list for PBXProject "SpartanSuperway" */;
			compatibilityVersion = "Xcode 3.2";
			developmentRegion = English;
			hasScannedForEncodings = 0;
			knownRegions = (
				en,
				Base,
			);
			mainGroup = 4470DA1B1D95D6AA002468D8;
			productRefGroup = 4470DA251D95D6AA002468D8 /* Products */;
			projectDirPath = "";
			projectRoot = "";
			targets = (
				4470DA231D95D6AA002468D8 /* SpartanSuperway */,
				4470DA371D95D6AA002468D8 /* SpartanSuperwayTests */,
				4470DA421D95D6AA002468D8 /* SpartanSuperwayUITests */,
			);
		};
/* End PBXProject section */

/* Begin PBXResourcesBuildPhase section */
		4470DA221D95D6AA002468D8 /* Resources */ = {
			isa = PBXResourcesBuildPhase;
			buildActionMask = 2147483647;
			files = (
				4470DA321D95D6AA002468D8 /* LaunchScreen.storyboard in Resources */,
				4470DA2F1D95D6AA002468D8 /* Assets.xcassets in Resources */,
				4470DA2D1D95D6AA002468D8 /* Main.storyboard in Resources */,
			);
			runOnlyForDeploymentPostprocessing = 0;
		};
		4470DA361D95D6AA002468D8 /* Resources */ = {
			isa = PBXResourcesBuildPhase;
			buildActionMask = 2147483647;
			files = (
			);
			runOnlyForDeploymentPostprocessing = 0;
		};
		4470DA411D95D6AA002468D8 /* Resources */ = {
			isa = PBXResourcesBuildPhase;
			buildActionMask = 2147483647;
			files = (
			);
			runOnlyForDeploymentPostprocessing = 0;
		};
/* End PBXResourcesBuildPhase section */

/* Begin PBXSourcesBuildPhase section */
		4470DA201D95D6AA002468D8 /* Sources */ = {
			isa = PBXSourcesBuildPhase;
			buildActionMask = 2147483647;
			files = (
				4470DA2A1D95D6AA002468D8 /* ViewController.swift in Sources */,
				4470DA281D95D6AA002468D8 /* AppDelegate.swift in Sources */,
			);
			runOnlyForDeploymentPostprocessing = 0;
		};
		4470DA341D95D6AA002468D8 /* Sources */ = {
			isa = PBXSourcesBuildPhase;
			buildActionMask = 2147483647;
			files = (
				4470DA3D1D95D6AA002468D8 /* SpartanSuperwayTests.swift in Sources */,
			);
			runOnlyForDeploymentPostprocessing = 0;
		};
		4470DA3F1D95D6AA002468D8 /* Sources */ = {
			isa = PBXSourcesBuildPhase;
			buildActionMask = 2147483647;
			files = (
				4470DA481D95D6AA002468D8 /* SpartanSuperwayUITests.swift in Sources */,
			);
			runOnlyForDeploymentPostprocessing = 0;
		};
/* End PBXSourcesBuildPhase section */

/* Begin PBXTargetDependency section */
		4470DA3A1D95D6AA002468D8 /* PBXTargetDependency */ = {
			isa = PBXTargetDependency;
			target = 4470DA231D95D6AA002468D8 /* SpartanSuperway */;
			targetProxy = 4470DA391D95D6AA002468D8 /* PBXContainerItemProxy */;
		};
		4470DA451D95D6AA002468D8 /* PBXTargetDependency */ = {
			isa = PBXTargetDependency;
			target = 4470DA231D95D6AA002468D8 /* SpartanSuperway */;
			targetProxy = 4470DA441D95D6AA002468D8 /* PBXContainerItemProxy */;
		};
/* End PBXTargetDependency section */

/* Begin PBXVariantGroup section */
		4470DA2B1D95D6AA002468D8 /* Main.storyboard */ = {
			isa = PBXVariantGroup;
			children = (
				4470DA2C1D95D6AA002468D8 /* Base */,
			);
			name = Main.storyboard;
			sourceTree = "<group>";
		};
		4470DA301D95D6AA002468D8 /* LaunchScreen.storyboard */ = {
			isa = PBXVariantGroup;
			children = (
				4470DA311D95D6AA002468D8 /* Base */,
			);
			name = LaunchScreen.storyboard;
			sourceTree = "<group>";
		};
/* End PBXVariantGroup section */

/* Begin XCBuildConfiguration section */
		4470DA4A1D95D6AA002468D8 /* Debug */ = {
			isa = XCBuildConfiguration;
			buildSettings = {
				ALWAYS_SEARCH_USER_PATHS = NO;
				CLANG_ANALYZER_NONNULL = YES;
				CLANG_CXX_LANGUAGE_STANDARD = "gnu++0x";
				CLANG_CXX_LIBRARY = "libc++";
				CLANG_ENABLE_MODULES = YES;
				CLANG_ENABLE_OBJC_ARC = YES;
				CLANG_WARN_BOOL_CONVERSION = YES;
				CLANG_WARN_CONSTANT_CONVERSION = YES;
				CLANG_WARN_DIRECT_OBJC_ISA_USAGE = YES_ERROR;
				CLANG_WARN_DOCUMENTATION_COMMENTS = YES;
				CLANG_WARN_EMPTY_BODY = YES;
				CLANG_WARN_ENUM_CONVERSION = YES;
				CLANG_WARN_INFINITE_RECURSION = YES;
				CLANG_WARN_INT_CONVERSION = YES;
				CLANG_WARN_OBJC_ROOT_CLASS = YES_ERROR;
				CLANG_WARN_SUSPICIOUS_MOVES = YES;
				CLANG_WARN_UNREACHABLE_CODE = YES;
				CLANG_WARN__DUPLICATE_METHOD_MATCH = YES;
				"CODE_SIGN_IDENTITY[sdk=iphoneos*]" = "iPhone Developer";
				COPY_PHASE_STRIP = NO;
				DEBUG_INFORMATION_FORMAT = dwarf;
				ENABLE_STRICT_OBJC_MSGSEND = YES;
				ENABLE_TESTABILITY = YES;
				GCC_C_LANGUAGE_STANDARD = gnu99;
				GCC_DYNAMIC_NO_PIC = NO;
				GCC_NO_COMMON_BLOCKS = YES;
				GCC_OPTIMIZATION_LEVEL = 0;
				GCC_PREPROCESSOR_DEFINITIONS = (
					"DEBUG=1",
					"$(inherited)",
				);
				GCC_WARN_64_TO_32_BIT_CONVERSION = YES;
				GCC_WARN_ABOUT_RETURN_TYPE = YES_ERROR;
				GCC_WARN_UNDECLARED_SELECTOR = YES;
				GCC_WARN_UNINITIALIZED_AUTOS = YES_AGGRESSIVE;
				GCC_WARN_UNUSED_FUNCTION = YES;
				GCC_WARN_UNUSED_VARIABLE = YES;
				IPHONEOS_DEPLOYMENT_TARGET = 10.0;
				MTL_ENABLE_DEBUG_INFO = YES;
				ONLY_ACTIVE_ARCH = YES;
				SDKROOT = iphoneos;
				SWIFT_ACTIVE_COMPILATION_CONDITIONS = DEBUG;
				SWIFT_OPTIMIZATION_LEVEL = "-Onone";
				TARGETED_DEVICE_FAMILY = "1,2";
			};
			name = Debug;
		};
		4470DA4B1D95D6AA002468D8 /* Release */ = {
			isa = XCBuildConfiguration;
			buildSettings = {
				ALWAYS_SEARCH_USER_PATHS = NO;
				CLANG_ANALYZER_NONNULL = YES;
				CLANG_CXX_LANGUAGE_STANDARD = "gnu++0x";
				CLANG_CXX_LIBRARY = "libc++";
				CLANG_ENABLE_MODULES = YES;
				CLANG_ENABLE_OBJC_ARC = YES;
				CLANG_WARN_BOOL_CONVERSION = YES;
				CLANG_WARN_CONSTANT_CONVERSION = YES;
				CLANG_WARN_DIRECT_OBJC_ISA_USAGE = YES_ERROR;
				CLANG_WARN_DOCUMENTATION_COMMENTS = YES;
				CLANG_WARN_EMPTY_BODY = YES;
				CLANG_WARN_ENUM_CONVERSION = YES;
				CLANG_WARN_INFINITE_RECURSION = YES;
				CLANG_WARN_INT_CONVERSION = YES;
				CLANG_WARN_OBJC_ROOT_CLASS = YES_ERROR;
				CLANG_WARN_SUSPICIOUS_MOVES = YES;
				CLANG_WARN_UNREACHABLE_CODE = YES;
				CLANG_WARN__DUPLICATE_METHOD_MATCH = YES;
				"CODE_SIGN_IDENTITY[sdk=iphoneos*]" = "iPhone Developer";
				COPY_PHASE_STRIP = NO;
				DEBUG_INFORMATION_FORMAT = "dwarf-with-dsym";
				ENABLE_NS_ASSERTIONS = NO;
				ENABLE_STRICT_OBJC_MSGSEND = YES;
				GCC_C_LANGUAGE_STANDARD = gnu99;
				GCC_NO_COMMON_BLOCKS = YES;
				GCC_WARN_64_TO_32_BIT_CONVERSION = YES;
				GCC_WARN_ABOUT_RETURN_TYPE = YES_ERROR;
				GCC_WARN_UNDECLARED_SELECTOR = YES;
				GCC_WARN_UNINITIALIZED_AUTOS = YES_AGGRESSIVE;
				GCC_WARN_UNUSED_FUNCTION = YES;
				GCC_WARN_UNUSED_VARIABLE = YES;
				IPHONEOS_DEPLOYMENT_TARGET = 10.0;
				MTL_ENABLE_DEBUG_INFO = NO;
				SDKROOT = iphoneos;
				SWIFT_OPTIMIZATION_LEVEL = "-Owholemodule";
				TARGETED_DEVICE_FAMILY = "1,2";
				VALIDATE_PRODUCT = YES;
			};
			name = Release;
		};
		4470DA4D1D95D6AA002468D8 /* Debug */ = {
			isa = XCBuildConfiguration;
			buildSettings = {
				ASSETCATALOG_COMPILER_APPICON_NAME = AppIcon;
				INFOPLIST_FILE = SpartanSuperway/Info.plist;
				LD_RUNPATH_SEARCH_PATHS = "$(inherited) @executable_path/Frameworks";
				PRODUCT_BUNDLE_IDENTIFIER = com.engr195.spartansuperway.SpartanSuperway;
				PRODUCT_NAME = "$(TARGET_NAME)";
				SWIFT_VERSION = 3.0;
			};
			name = Debug;
		};
		4470DA4E1D95D6AA002468D8 /* Release */ = {
			isa = XCBuildConfiguration;
			buildSettings = {
				ASSETCATALOG_COMPILER_APPICON_NAME = AppIcon;
				INFOPLIST_FILE = SpartanSuperway/Info.plist;
				LD_RUNPATH_SEARCH_PATHS = "$(inherited) @executable_path/Frameworks";
				PRODUCT_BUNDLE_IDENTIFIER = com.engr195.spartansuperway.SpartanSuperway;
				PRODUCT_NAME = "$(TARGET_NAME)";
				SWIFT_VERSION = 3.0;
			};
			name = Release;
		};
		4470DA501D95D6AA002468D8 /* Debug */ = {
			isa = XCBuildConfiguration;
			buildSettings = {
				ALWAYS_EMBED_SWIFT_STANDARD_LIBRARIES = YES;
				BUNDLE_LOADER = "$(TEST_HOST)";
				INFOPLIST_FILE = SpartanSuperwayTests/Info.plist;
				LD_RUNPATH_SEARCH_PATHS = "$(inherited) @executable_path/Frameworks @loader_path/Frameworks";
				PRODUCT_BUNDLE_IDENTIFIER = com.engr195.spartansuperway.SpartanSuperwayTests;
				PRODUCT_NAME = "$(TARGET_NAME)";
				SWIFT_VERSION = 3.0;
				TEST_HOST = "$(BUILT_PRODUCTS_DIR)/SpartanSuperway.app/SpartanSuperway";
			};
			name = Debug;
		};
		4470DA511D95D6AA002468D8 /* Release */ = {
			isa = XCBuildConfiguration;
			buildSettings = {
				ALWAYS_EMBED_SWIFT_STANDARD_LIBRARIES = YES;
				BUNDLE_LOADER = "$(TEST_HOST)";
				INFOPLIST_FILE = SpartanSuperwayTests/Info.plist;
				LD_RUNPATH_SEARCH_PATHS = "$(inherited) @executable_path/Frameworks @loader_path/Frameworks";
				PRODUCT_BUNDLE_IDENTIFIER = com.engr195.spartansuperway.SpartanSuperwayTests;
				PRODUCT_NAME = "$(TARGET_NAME)";
				SWIFT_VERSION = 3.0;
				TEST_HOST = "$(BUILT_PRODUCTS_DIR)/SpartanSuperway.app/SpartanSuperway";
			};
			name = Release;
		};
		4470DA531D95D6AA002468D8 /* Debug */ = {
			isa = XCBuildConfiguration;
			buildSettings = {
				ALWAYS_EMBED_SWIFT_STANDARD_LIBRARIES = YES;
				INFOPLIST_FILE = SpartanSuperwayUITests/Info.plist;
				LD_RUNPATH_SEARCH_PATHS = "$(inherited) @executable_path/Frameworks @loader_path/Frameworks";
				PRODUCT_BUNDLE_IDENTIFIER = com.engr195.spartansuperway.SpartanSuperwayUITests;
				PRODUCT_NAME = "$(TARGET_NAME)";
				SWIFT_VERSION = 3.0;
				TEST_TARGET_NAME = SpartanSuperway;
			};
			name = Debug;
		};
		4470DA541D95D6AA002468D8 /* Release */ = {
			isa = XCBuildConfiguration;
			buildSettings = {
				ALWAYS_EMBED_SWIFT_STANDARD_LIBRARIES = YES;
				INFOPLIST_FILE = SpartanSuperwayUITests/Info.plist;
				LD_RUNPATH_SEARCH_PATHS = "$(inherited) @executable_path/Frameworks @loader_path/Frameworks";
				PRODUCT_BUNDLE_IDENTIFIER = com.engr195.spartansuperway.SpartanSuperwayUITests;
				PRODUCT_NAME = "$(TARGET_NAME)";
				SWIFT_VERSION = 3.0;
				TEST_TARGET_NAME = SpartanSuperway;
			};
			name = Release;
		};
/* End XCBuildConfiguration section */

/* Begin XCConfigurationList section */
		4470DA1F1D95D6AA002468D8 /* Build configuration list for PBXProject "SpartanSuperway" */ = {
			isa = XCConfigurationList;
			buildConfigurations = (
				4470DA4A1D95D6AA002468D8 /* Debug */,
				4470DA4B1D95D6AA002468D8 /* Release */,
			);
			defaultConfigurationIsVisible = 0;
			defaultConfigurationName = Release;
		};
		4470DA4C1D95D6AA002468D8 /* Build configuration list for PBXNativeTarget "SpartanSuperway" */ = {
			isa = XCConfigurationList;
			buildConfigurations = (
				4470DA4D1D95D6AA002468D8 /* Debug */,
				4470DA4E1D95D6AA002468D8 /* Release */,
			);
			defaultConfigurationIsVisible = 0;
		};
		4470DA4F1D95D6AA002468D8 /* Build configuration list for PBXNativeTarget "SpartanSuperwayTests" */ = {
			isa = XCConfigurationList;
			buildConfigurations = (
				4470DA501D95D6AA002468D8 /* Debug */,
				4470DA511D95D6AA002468D8 /* Release */,
			);
			defaultConfigurationIsVisible = 0;
		};
		4470DA521D95D6AA002468D8 /* Build configuration list for PBXNativeTarget "SpartanSuperwayUITests" */ = {
			isa = XCConfigurationList;
			buildConfigurations = (
				4470DA531D95D6AA002468D8 /* Debug */,
				4470DA541D95D6AA002468D8 /* Release */,
			);
			defaultConfigurationIsVisible = 0;
		};
/* End XCConfigurationList section */
	};
	rootObject = 4470DA1C1D95D6AA002468D8 /* Project object */;
}
